
Microsoft Visual Studio Solution File, Format Version 12.00
# Visual Studio Version 17
VisualStudioVersion = 17.7.34031.279
MinimumVisualStudioVersion = 10.0.40219.1
Project("{FAE04EC0-301F-11D3-BF4B-00C04F79EFBC}") = "MoodExpenseTracker", "MoodExpenseTracker\MoodExpenseTracker.csproj", "{93E0B8CB-E536-47D1-BC25-1B9AC12BBDF2}"
EndProject
Global
	GlobalSection(SolutionConfigurationPlatforms) = preSolution
		Debug|Any CPU = Debug|Any CPU
		Release|Any CPU = Release|Any CPU
	EndGlobalSection
	GlobalSection(ProjectConfigurationPlatforms) = postSolution
		{93E0B8CB-E536-47D1-BC25-1B9AC12BBDF2}.Debug|Any CPU.ActiveCfg = Debug|Any CPU
		{93E0B8CB-E536-47D1-BC25-1B9AC12BBDF2}.Debug|Any CPU.Build.0 = Debug|Any CPU
		{93E0B8CB-E536-47D1-BC25-1B9AC12BBDF2}.Release|Any CPU.ActiveCfg = Release|Any CPU
		{93E0B8CB-E536-47D1-BC25-1B9AC12BBDF2}.Release|Any CPU.Build.0 = Release|Any CPU
	EndGlobalSection
	GlobalSection(SolutionProperties) = preSolution
		HideSolutionNode = FALSE
	EndGlobalSection
	GlobalSection(ExtensibilityGlobals) = postSolution
		SolutionGuid = {8C7170E6-9B4C-4B4B-A1DD-607EC2D84337}
	EndGlobalSection
EndGlobal
